
Microsoft Visual Studio Solution File, Format Version 12.00
# Visual Studio Version 17
VisualStudioVersion = 17.14.36119.2
MinimumVisualStudioVersion = 10.0.40219.1
Project("{FAE04EC0-301F-11D3-BF4B-00C04F79EFBC}") = "WireGuardMan.API", "WireGuardMan.API\WireGuardMan.API.csproj", "{24ECE0C3-0297-41D7-B5BB-0B49666CEBF8}"
EndProject
Project("{FAE04EC0-301F-11D3-BF4B-00C04F79EFBC}") = "WireGuardMan.Front", "WireGuardMan.Front\WireGuardMan.Front\WireGuardMan.Front.csproj", "{E1B2CF4F-8A6E-4E5C-BC7C-18A08B8FADBB}"
EndProject
Global
	GlobalSection(SolutionConfigurationPlatforms) = preSolution
		Debug|Any CPU = Debug|Any CPU
		Release|Any CPU = Release|Any CPU
	EndGlobalSection
	GlobalSection(ProjectConfigurationPlatforms) = postSolution
		{24ECE0C3-0297-41D7-B5BB-0B49666CEBF8}.Debug|Any CPU.ActiveCfg = Debug|Any CPU
		{24ECE0C3-0297-41D7-B5BB-0B49666CEBF8}.Debug|Any CPU.Build.0 = Debug|Any CPU
		{24ECE0C3-0297-41D7-B5BB-0B49666CEBF8}.Release|Any CPU.ActiveCfg = Release|Any CPU
		{24ECE0C3-0297-41D7-B5BB-0B49666CEBF8}.Release|Any CPU.Build.0 = Release|Any CPU
		{E1B2CF4F-8A6E-4E5C-BC7C-18A08B8FADBB}.Debug|Any CPU.ActiveCfg = Debug|Any CPU
		{E1B2CF4F-8A6E-4E5C-BC7C-18A08B8FADBB}.Debug|Any CPU.Build.0 = Debug|Any CPU
		{E1B2CF4F-8A6E-4E5C-BC7C-18A08B8FADBB}.Release|Any CPU.ActiveCfg = Release|Any CPU
		{E1B2CF4F-8A6E-4E5C-BC7C-18A08B8FADBB}.Release|Any CPU.Build.0 = Release|Any CPU
	EndGlobalSection
	GlobalSection(SolutionProperties) = preSolution
		HideSolutionNode = FALSE
	EndGlobalSection
	GlobalSection(ExtensibilityGlobals) = postSolution
		SolutionGuid = {82F16F8D-EDD0-4C33-86E7-6102305A9719}
	EndGlobalSection
EndGlobal
